// !$*UTF8*$!
{
	archiveVersion = 1;
	classes = {
	};
	objectVersion = 46;
	objects = {

/* Begin PBXBuildFile section */
		5636ABA91C87D81100842401 /* ListViewModel.swift in Sources */ = {isa = PBXBuildFile; fileRef = 5636ABA81C87D81100842401 /* ListViewModel.swift */; };
		5636ABAD1C87E9B100842401 /* WorkListDataSource.swift in Sources */ = {isa = PBXBuildFile; fileRef = 5636ABAC1C87E9B100842401 /* WorkListDataSource.swift */; };
		56663D221C7FC23100D33441 /* NoCountCell.xib in Resources */ = {isa = PBXBuildFile; fileRef = 56663D211C7FC23100D33441 /* NoCountCell.xib */; };
		56663D241C7FC38E00D33441 /* NoCountCell.swift in Sources */ = {isa = PBXBuildFile; fileRef = 56663D231C7FC38E00D33441 /* NoCountCell.swift */; };
		56663D271C7FC78E00D33441 /* Wireframe.swift in Sources */ = {isa = PBXBuildFile; fileRef = 56663D261C7FC78E00D33441 /* Wireframe.swift */; };
		56663D291C7FC7E600D33441 /* ImageWithView.swift in Sources */ = {isa = PBXBuildFile; fileRef = 56663D281C7FC7E600D33441 /* ImageWithView.swift */; };
		567FF7461C76993B00ADDBFF /* AppDelegate.swift in Sources */ = {isa = PBXBuildFile; fileRef = 567FF7451C76993B00ADDBFF /* AppDelegate.swift */; };
		567FF7481C76993B00ADDBFF /* ViewController.swift in Sources */ = {isa = PBXBuildFile; fileRef = 567FF7471C76993B00ADDBFF /* ViewController.swift */; };
		567FF74B1C76993B00ADDBFF /* Main.storyboard in Resources */ = {isa = PBXBuildFile; fileRef = 567FF7491C76993B00ADDBFF /* Main.storyboard */; };
		567FF74D1C76993B00ADDBFF /* Assets.xcassets in Resources */ = {isa = PBXBuildFile; fileRef = 567FF74C1C76993B00ADDBFF /* Assets.xcassets */; };
		567FF7501C76993B00ADDBFF /* LaunchScreen.storyboard in Resources */ = {isa = PBXBuildFile; fileRef = 567FF74E1C76993B00ADDBFF /* LaunchScreen.storyboard */; };
		567FF75B1C76993C00ADDBFF /* ListSampleTests.swift in Sources */ = {isa = PBXBuildFile; fileRef = 567FF75A1C76993C00ADDBFF /* ListSampleTests.swift */; };
		567FF7661C76993C00ADDBFF /* ListSampleUITests.swift in Sources */ = {isa = PBXBuildFile; fileRef = 567FF7651C76993C00ADDBFF /* ListSampleUITests.swift */; };
		567FF7771C769D9500ADDBFF /* RxBlocking.framework in Frameworks */ = {isa = PBXBuildFile; fileRef = 567FF7731C769D9500ADDBFF /* RxBlocking.framework */; };
		567FF7781C769D9500ADDBFF /* RxCocoa.framework in Frameworks */ = {isa = PBXBuildFile; fileRef = 567FF7741C769D9500ADDBFF /* RxCocoa.framework */; };
		567FF7791C769D9500ADDBFF /* RxSwift.framework in Frameworks */ = {isa = PBXBuildFile; fileRef = 567FF7751C769D9500ADDBFF /* RxSwift.framework */; };
		567FF77A1C769D9500ADDBFF /* SVProgressHUD.framework in Frameworks */ = {isa = PBXBuildFile; fileRef = 567FF7761C769D9500ADDBFF /* SVProgressHUD.framework */; };
		567FF77E1C769EFE00ADDBFF /* ViewController.xib in Resources */ = {isa = PBXBuildFile; fileRef = 567FF77D1C769EFE00ADDBFF /* ViewController.xib */; };
		567FF7821C76A78D00ADDBFF /* SampleAPI.swift in Sources */ = {isa = PBXBuildFile; fileRef = 567FF7811C76A78D00ADDBFF /* SampleAPI.swift */; };
		567FF7841C76A9C800ADDBFF /* Dependencies.swift in Sources */ = {isa = PBXBuildFile; fileRef = 567FF7831C76A9C800ADDBFF /* Dependencies.swift */; };
		569AF7061C7D614800D240BF /* WorkItemCell.swift in Sources */ = {isa = PBXBuildFile; fileRef = 569AF7051C7D614800D240BF /* WorkItemCell.swift */; };
		569AF7081C7D615400D240BF /* WorkItemCell.xib in Resources */ = {isa = PBXBuildFile; fileRef = 569AF7071C7D615400D240BF /* WorkItemCell.xib */; };
/* End PBXBuildFile section */

/* Begin PBXContainerItemProxy section */
		567FF7571C76993C00ADDBFF /* PBXContainerItemProxy */ = {
			isa = PBXContainerItemProxy;
			containerPortal = 567FF73A1C76993B00ADDBFF /* Project object */;
			proxyType = 1;
			remoteGlobalIDString = 567FF7411C76993B00ADDBFF;
			remoteInfo = ListSample;
		};
		567FF7621C76993C00ADDBFF /* PBXContainerItemProxy */ = {
			isa = PBXContainerItemProxy;
			containerPortal = 567FF73A1C76993B00ADDBFF /* Project object */;
			proxyType = 1;
			remoteGlobalIDString = 567FF7411C76993B00ADDBFF;
			remoteInfo = ListSample;
		};
/* End PBXContainerItemProxy section */

/* Begin PBXCopyFilesBuildPhase section */
		567FF77B1C769DB500ADDBFF /* CopyFiles */ = {
			isa = PBXCopyFilesBuildPhase;
			buildActionMask = 2147483647;
			dstPath = "";
			dstSubfolderSpec = 7;
			files = (
			);
			runOnlyForDeploymentPostprocessing = 0;
		};
/* End PBXCopyFilesBuildPhase section */

/* Begin PBXFileReference section */
		5636ABA81C87D81100842401 /* ListViewModel.swift */ = {isa = PBXFileReference; fileEncoding = 4; lastKnownFileType = sourcecode.swift; path = ListViewModel.swift; sourceTree = "<group>"; };
		5636ABAC1C87E9B100842401 /* WorkListDataSource.swift */ = {isa = PBXFileReference; fileEncoding = 4; lastKnownFileType = sourcecode.swift; path = WorkListDataSource.swift; sourceTree = "<group>"; };
		5656DBD81C7BF32F00E0F4B2 /* ListSample-Bridging-Header.h */ = {isa = PBXFileReference; fileEncoding = 4; lastKnownFileType = sourcecode.c.h; path = "ListSample-Bridging-Header.h"; sourceTree = "<group>"; };
		56663D211C7FC23100D33441 /* NoCountCell.xib */ = {isa = PBXFileReference; fileEncoding = 4; lastKnownFileType = file.xib; path = NoCountCell.xib; sourceTree = "<group>"; };
		56663D231C7FC38E00D33441 /* NoCountCell.swift */ = {isa = PBXFileReference; fileEncoding = 4; lastKnownFileType = sourcecode.swift; path = NoCountCell.swift; sourceTree = "<group>"; };
		56663D261C7FC78E00D33441 /* Wireframe.swift */ = {isa = PBXFileReference; fileEncoding = 4; lastKnownFileType = sourcecode.swift; path = Wireframe.swift; sourceTree = "<group>"; };
		56663D281C7FC7E600D33441 /* ImageWithView.swift */ = {isa = PBXFileReference; fileEncoding = 4; lastKnownFileType = sourcecode.swift; path = ImageWithView.swift; sourceTree = "<group>"; };
		567FF7421C76993B00ADDBFF /* ListSample.app */ = {isa = PBXFileReference; explicitFileType = wrapper.application; includeInIndex = 0; path = ListSample.app; sourceTree = BUILT_PRODUCTS_DIR; };
		567FF7451C76993B00ADDBFF /* AppDelegate.swift */ = {isa = PBXFileReference; lastKnownFileType = sourcecode.swift; path = AppDelegate.swift; sourceTree = "<group>"; };
		567FF7471C76993B00ADDBFF /* ViewController.swift */ = {isa = PBXFileReference; lastKnownFileType = sourcecode.swift; path = ViewController.swift; sourceTree = "<group>"; };
		567FF74A1C76993B00ADDBFF /* Base */ = {isa = PBXFileReference; lastKnownFileType = file.storyboard; name = Base; path = Base.lproj/Main.storyboard; sourceTree = "<group>"; };
		567FF74C1C76993B00ADDBFF /* Assets.xcassets */ = {isa = PBXFileReference; lastKnownFileType = folder.assetcatalog; path = Assets.xcassets; sourceTree = "<group>"; };
		567FF74F1C76993B00ADDBFF /* Base */ = {isa = PBXFileReference; lastKnownFileType = file.storyboard; name = Base; path = Base.lproj/LaunchScreen.storyboard; sourceTree = "<group>"; };
		567FF7511C76993B00ADDBFF /* Info.plist */ = {isa = PBXFileReference; lastKnownFileType = text.plist.xml; path = Info.plist; sourceTree = "<group>"; };
		567FF7561C76993C00ADDBFF /* ListSampleTests.xctest */ = {isa = PBXFileReference; explicitFileType = wrapper.cfbundle; includeInIndex = 0; path = ListSampleTests.xctest; sourceTree = BUILT_PRODUCTS_DIR; };
		567FF75A1C76993C00ADDBFF /* ListSampleTests.swift */ = {isa = PBXFileReference; lastKnownFileType = sourcecode.swift; path = ListSampleTests.swift; sourceTree = "<group>"; };
		567FF75C1C76993C00ADDBFF /* Info.plist */ = {isa = PBXFileReference; lastKnownFileType = text.plist.xml; path = Info.plist; sourceTree = "<group>"; };
		567FF7611C76993C00ADDBFF /* ListSampleUITests.xctest */ = {isa = PBXFileReference; explicitFileType = wrapper.cfbundle; includeInIndex = 0; path = ListSampleUITests.xctest; sourceTree = BUILT_PRODUCTS_DIR; };
		567FF7651C76993C00ADDBFF /* ListSampleUITests.swift */ = {isa = PBXFileReference; lastKnownFileType = sourcecode.swift; path = ListSampleUITests.swift; sourceTree = "<group>"; };
		567FF7671C76993C00ADDBFF /* Info.plist */ = {isa = PBXFileReference; lastKnownFileType = text.plist.xml; path = Info.plist; sourceTree = "<group>"; };
		567FF7731C769D9500ADDBFF /* RxBlocking.framework */ = {isa = PBXFileReference; lastKnownFileType = wrapper.framework; name = RxBlocking.framework; path = Carthage/Build/iOS/RxBlocking.framework; sourceTree = "<group>"; };
		567FF7741C769D9500ADDBFF /* RxCocoa.framework */ = {isa = PBXFileReference; lastKnownFileType = wrapper.framework; name = RxCocoa.framework; path = Carthage/Build/iOS/RxCocoa.framework; sourceTree = "<group>"; };
		567FF7751C769D9500ADDBFF /* RxSwift.framework */ = {isa = PBXFileReference; lastKnownFileType = wrapper.framework; name = RxSwift.framework; path = Carthage/Build/iOS/RxSwift.framework; sourceTree = "<group>"; };
		567FF7761C769D9500ADDBFF /* SVProgressHUD.framework */ = {isa = PBXFileReference; lastKnownFileType = wrapper.framework; name = SVProgressHUD.framework; path = Carthage/Build/iOS/SVProgressHUD.framework; sourceTree = "<group>"; };
		567FF77D1C769EFE00ADDBFF /* ViewController.xib */ = {isa = PBXFileReference; fileEncoding = 4; lastKnownFileType = file.xib; path = ViewController.xib; sourceTree = "<group>"; };
		567FF7811C76A78D00ADDBFF /* SampleAPI.swift */ = {isa = PBXFileReference; fileEncoding = 4; lastKnownFileType = sourcecode.swift; path = SampleAPI.swift; sourceTree = "<group>"; };
		567FF7831C76A9C800ADDBFF /* Dependencies.swift */ = {isa = PBXFileReference; fileEncoding = 4; lastKnownFileType = sourcecode.swift; path = Dependencies.swift; sourceTree = "<group>"; };
		569AF7051C7D614800D240BF /* WorkItemCell.swift */ = {isa = PBXFileReference; fileEncoding = 4; lastKnownFileType = sourcecode.swift; path = WorkItemCell.swift; sourceTree = "<group>"; };
		569AF7071C7D615400D240BF /* WorkItemCell.xib */ = {isa = PBXFileReference; fileEncoding = 4; lastKnownFileType = file.xib; path = WorkItemCell.xib; sourceTree = "<group>"; };
/* End PBXFileReference section */

/* Begin PBXFrameworksBuildPhase section */
		567FF73F1C76993B00ADDBFF /* Frameworks */ = {
			isa = PBXFrameworksBuildPhase;
			buildActionMask = 2147483647;
			files = (
				567FF7771C769D9500ADDBFF /* RxBlocking.framework in Frameworks */,
				567FF7781C769D9500ADDBFF /* RxCocoa.framework in Frameworks */,
				567FF7791C769D9500ADDBFF /* RxSwift.framework in Frameworks */,
				567FF77A1C769D9500ADDBFF /* SVProgressHUD.framework in Frameworks */,
			);
			runOnlyForDeploymentPostprocessing = 0;
		};
		567FF7531C76993C00ADDBFF /* Frameworks */ = {
			isa = PBXFrameworksBuildPhase;
			buildActionMask = 2147483647;
			files = (
			);
			runOnlyForDeploymentPostprocessing = 0;
		};
		567FF75E1C76993C00ADDBFF /* Frameworks */ = {
			isa = PBXFrameworksBuildPhase;
			buildActionMask = 2147483647;
			files = (
			);
			runOnlyForDeploymentPostprocessing = 0;
		};
/* End PBXFrameworksBuildPhase section */

/* Begin PBXGroup section */
		567FF7391C76993B00ADDBFF = {
			isa = PBXGroup;
			children = (
				567FF7731C769D9500ADDBFF /* RxBlocking.framework */,
				567FF7741C769D9500ADDBFF /* RxCocoa.framework */,
				567FF7751C769D9500ADDBFF /* RxSwift.framework */,
				567FF7761C769D9500ADDBFF /* SVProgressHUD.framework */,
				567FF7441C76993B00ADDBFF /* ListSample */,
				567FF7591C76993C00ADDBFF /* ListSampleTests */,
				567FF7641C76993C00ADDBFF /* ListSampleUITests */,
				567FF7431C76993B00ADDBFF /* Products */,
			);
			sourceTree = "<group>";
		};
		567FF7431C76993B00ADDBFF /* Products */ = {
			isa = PBXGroup;
			children = (
				567FF7421C76993B00ADDBFF /* ListSample.app */,
				567FF7561C76993C00ADDBFF /* ListSampleTests.xctest */,
				567FF7611C76993C00ADDBFF /* ListSampleUITests.xctest */,
			);
			name = Products;
			sourceTree = "<group>";
		};
		567FF7441C76993B00ADDBFF /* ListSample */ = {
			isa = PBXGroup;
			children = (
				56663D281C7FC7E600D33441 /* ImageWithView.swift */,
				569AF7041C7D571600D240BF /* table */,
				567FF77F1C769F5C00ADDBFF /* rx */,
				567FF7451C76993B00ADDBFF /* AppDelegate.swift */,
				567FF7471C76993B00ADDBFF /* ViewController.swift */,
				567FF7491C76993B00ADDBFF /* Main.storyboard */,
				567FF74C1C76993B00ADDBFF /* Assets.xcassets */,
				567FF74E1C76993B00ADDBFF /* LaunchScreen.storyboard */,
				567FF7511C76993B00ADDBFF /* Info.plist */,
				567FF77D1C769EFE00ADDBFF /* ViewController.xib */,
				5656DBD81C7BF32F00E0F4B2 /* ListSample-Bridging-Header.h */,
				5636ABA81C87D81100842401 /* ListViewModel.swift */,
				5636ABAC1C87E9B100842401 /* WorkListDataSource.swift */,
			);
			path = ListSample;
			sourceTree = "<group>";
		};
		567FF7591C76993C00ADDBFF /* ListSampleTests */ = {
			isa = PBXGroup;
			children = (
				567FF75A1C76993C00ADDBFF /* ListSampleTests.swift */,
				567FF75C1C76993C00ADDBFF /* Info.plist */,
			);
			path = ListSampleTests;
			sourceTree = "<group>";
		};
		567FF7641C76993C00ADDBFF /* ListSampleUITests */ = {
			isa = PBXGroup;
			children = (
				567FF7651C76993C00ADDBFF /* ListSampleUITests.swift */,
				567FF7671C76993C00ADDBFF /* Info.plist */,
			);
			path = ListSampleUITests;
			sourceTree = "<group>";
		};
		567FF77F1C769F5C00ADDBFF /* rx */ = {
			isa = PBXGroup;
			children = (
				56663D261C7FC78E00D33441 /* Wireframe.swift */,
				567FF7831C76A9C800ADDBFF /* Dependencies.swift */,
				567FF7811C76A78D00ADDBFF /* SampleAPI.swift */,
			);
			name = rx;
			sourceTree = "<group>";
		};
		569AF7041C7D571600D240BF /* table */ = {
			isa = PBXGroup;
			children = (
				56663D231C7FC38E00D33441 /* NoCountCell.swift */,
				56663D211C7FC23100D33441 /* NoCountCell.xib */,
				569AF7051C7D614800D240BF /* WorkItemCell.swift */,
				569AF7071C7D615400D240BF /* WorkItemCell.xib */,
			);
			name = table;
			sourceTree = "<group>";
		};
/* End PBXGroup section */

/* Begin PBXNativeTarget section */
		567FF7411C76993B00ADDBFF /* ListSample */ = {
			isa = PBXNativeTarget;
			buildConfigurationList = 567FF76A1C76993C00ADDBFF /* Build configuration list for PBXNativeTarget "ListSample" */;
			buildPhases = (
				567FF73E1C76993B00ADDBFF /* Sources */,
				567FF73F1C76993B00ADDBFF /* Frameworks */,
				567FF7401C76993B00ADDBFF /* Resources */,
				567FF77B1C769DB500ADDBFF /* CopyFiles */,
				567FF77C1C769DC000ADDBFF /* ShellScript */,
			);
			buildRules = (
			);
			dependencies = (
			);
			name = ListSample;
			productName = ListSample;
			productReference = 567FF7421C76993B00ADDBFF /* ListSample.app */;
			productType = "com.apple.product-type.application";
		};
		567FF7551C76993C00ADDBFF /* ListSampleTests */ = {
			isa = PBXNativeTarget;
			buildConfigurationList = 567FF76D1C76993C00ADDBFF /* Build configuration list for PBXNativeTarget "ListSampleTests" */;
			buildPhases = (
				567FF7521C76993C00ADDBFF /* Sources */,
				567FF7531C76993C00ADDBFF /* Frameworks */,
				567FF7541C76993C00ADDBFF /* Resources */,
			);
			buildRules = (
			);
			dependencies = (
				567FF7581C76993C00ADDBFF /* PBXTargetDependency */,
			);
			name = ListSampleTests;
			productName = ListSampleTests;
			productReference = 567FF7561C76993C00ADDBFF /* ListSampleTests.xctest */;
			productType = "com.apple.product-type.bundle.unit-test";
		};
		567FF7601C76993C00ADDBFF /* ListSampleUITests */ = {
			isa = PBXNativeTarget;
			buildConfigurationList = 567FF7701C76993C00ADDBFF /* Build configuration list for PBXNativeTarget "ListSampleUITests" */;
			buildPhases = (
				567FF75D1C76993C00ADDBFF /* Sources */,
				567FF75E1C76993C00ADDBFF /* Frameworks */,
				567FF75F1C76993C00ADDBFF /* Resources */,
			);
			buildRules = (
			);
			dependencies = (
				567FF7631C76993C00ADDBFF /* PBXTargetDependency */,
			);
			name = ListSampleUITests;
			productName = ListSampleUITests;
			productReference = 567FF7611C76993C00ADDBFF /* ListSampleUITests.xctest */;
			productType = "com.apple.product-type.bundle.ui-testing";
		};
/* End PBXNativeTarget section */

/* Begin PBXProject section */
		567FF73A1C76993B00ADDBFF /* Project object */ = {
			isa = PBXProject;
			attributes = {
				LastSwiftUpdateCheck = 0720;
				LastUpgradeCheck = 0720;
				ORGANIZATIONNAME = "平塚 俊輔";
				TargetAttributes = {
					567FF7411C76993B00ADDBFF = {
						CreatedOnToolsVersion = 7.2;
					};
					567FF7551C76993C00ADDBFF = {
						CreatedOnToolsVersion = 7.2;
						TestTargetID = 567FF7411C76993B00ADDBFF;
					};
					567FF7601C76993C00ADDBFF = {
						CreatedOnToolsVersion = 7.2;
						TestTargetID = 567FF7411C76993B00ADDBFF;
					};
				};
			};
			buildConfigurationList = 567FF73D1C76993B00ADDBFF /* Build configuration list for PBXProject "ListSample" */;
			compatibilityVersion = "Xcode 3.2";
			developmentRegion = English;
			hasScannedForEncodings = 0;
			knownRegions = (
				en,
				Base,
			);
			mainGroup = 567FF7391C76993B00ADDBFF;
			productRefGroup = 567FF7431C76993B00ADDBFF /* Products */;
			projectDirPath = "";
			projectRoot = "";
			targets = (
				567FF7411C76993B00ADDBFF /* ListSample */,
				567FF7551C76993C00ADDBFF /* ListSampleTests */,
				567FF7601C76993C00ADDBFF /* ListSampleUITests */,
			);
		};
/* End PBXProject section */

/* Begin PBXResourcesBuildPhase section */
		567FF7401C76993B00ADDBFF /* Resources */ = {
			isa = PBXResourcesBuildPhase;
			buildActionMask = 2147483647;
			files = (
				569AF7081C7D615400D240BF /* WorkItemCell.xib in Resources */,
				567FF7501C76993B00ADDBFF /* LaunchScreen.storyboard in Resources */,
				56663D221C7FC23100D33441 /* NoCountCell.xib in Resources */,
				567FF74D1C76993B00ADDBFF /* Assets.xcassets in Resources */,
				567FF77E1C769EFE00ADDBFF /* ViewController.xib in Resources */,
				567FF74B1C76993B00ADDBFF /* Main.storyboard in Resources */,
			);
			runOnlyForDeploymentPostprocessing = 0;
		};
		567FF7541C76993C00ADDBFF /* Resources */ = {
			isa = PBXResourcesBuildPhase;
			buildActionMask = 2147483647;
			files = (
			);
			runOnlyForDeploymentPostprocessing = 0;
		};
		567FF75F1C76993C00ADDBFF /* Resources */ = {
			isa = PBXResourcesBuildPhase;
			buildActionMask = 2147483647;
			files = (
			);
			runOnlyForDeploymentPostprocessing = 0;
		};
/* End PBXResourcesBuildPhase section */

/* Begin PBXShellScriptBuildPhase section */
		567FF77C1C769DC000ADDBFF /* ShellScript */ = {
			isa = PBXShellScriptBuildPhase;
			buildActionMask = 2147483647;
			files = (
			);
			inputPaths = (
				"$(SRCROOT)/Carthage/Build/iOS/RxCocoa.framework",
				"$(SRCROOT)/Carthage/Build/iOS/RxSwift.framework",
				"$(SRCROOT)/Carthage/Build/iOS/RxBlocking.framework",
				"$(SRCROOT)/Carthage/Build/iOS/SVProgressHUD.framework",
			);
			outputPaths = (
			);
			runOnlyForDeploymentPostprocessing = 0;
			shellPath = /bin/sh;
			shellScript = "/usr/local/bin/carthage copy-frameworks";
		};
/* End PBXShellScriptBuildPhase section */

/* Begin PBXSourcesBuildPhase section */
		567FF73E1C76993B00ADDBFF /* Sources */ = {
			isa = PBXSourcesBuildPhase;
			buildActionMask = 2147483647;
			files = (
				56663D291C7FC7E600D33441 /* ImageWithView.swift in Sources */,
				567FF7841C76A9C800ADDBFF /* Dependencies.swift in Sources */,
				56663D271C7FC78E00D33441 /* Wireframe.swift in Sources */,
				5636ABAD1C87E9B100842401 /* WorkListDataSource.swift in Sources */,
				567FF7481C76993B00ADDBFF /* ViewController.swift in Sources */,
				569AF7061C7D614800D240BF /* WorkItemCell.swift in Sources */,
				5636ABA91C87D81100842401 /* ListViewModel.swift in Sources */,
				567FF7821C76A78D00ADDBFF /* SampleAPI.swift in Sources */,
				56663D241C7FC38E00D33441 /* NoCountCell.swift in Sources */,
				567FF7461C76993B00ADDBFF /* AppDelegate.swift in Sources */,
			);
			runOnlyForDeploymentPostprocessing = 0;
		};
		567FF7521C76993C00ADDBFF /* Sources */ = {
			isa = PBXSourcesBuildPhase;
			buildActionMask = 2147483647;
			files = (
				567FF75B1C76993C00ADDBFF /* ListSampleTests.swift in Sources */,
			);
			runOnlyForDeploymentPostprocessing = 0;
		};
		567FF75D1C76993C00ADDBFF /* Sources */ = {
			isa = PBXSourcesBuildPhase;
			buildActionMask = 2147483647;
			files = (
				567FF7661C76993C00ADDBFF /* ListSampleUITests.swift in Sources */,
			);
			runOnlyForDeploymentPostprocessing = 0;
		};
/* End PBXSourcesBuildPhase section */

/* Begin PBXTargetDependency section */
		567FF7581C76993C00ADDBFF /* PBXTargetDependency */ = {
			isa = PBXTargetDependency;
			target = 567FF7411C76993B00ADDBFF /* ListSample */;
			targetProxy = 567FF7571C76993C00ADDBFF /* PBXContainerItemProxy */;
		};
		567FF7631C76993C00ADDBFF /* PBXTargetDependency */ = {
			isa = PBXTargetDependency;
			target = 567FF7411C76993B00ADDBFF /* ListSample */;
			targetProxy = 567FF7621C76993C00ADDBFF /* PBXContainerItemProxy */;
		};
/* End PBXTargetDependency section */

/* Begin PBXVariantGroup section */
		567FF7491C76993B00ADDBFF /* Main.storyboard */ = {
			isa = PBXVariantGroup;
			children = (
				567FF74A1C76993B00ADDBFF /* Base */,
			);
			name = Main.storyboard;
			sourceTree = "<group>";
		};
		567FF74E1C76993B00ADDBFF /* LaunchScreen.storyboard */ = {
			isa = PBXVariantGroup;
			children = (
				567FF74F1C76993B00ADDBFF /* Base */,
			);
			name = LaunchScreen.storyboard;
			sourceTree = "<group>";
		};
/* End PBXVariantGroup section */

/* Begin XCBuildConfiguration section */
		567FF7681C76993C00ADDBFF /* Debug */ = {
			isa = XCBuildConfiguration;
			buildSettings = {
				ALWAYS_SEARCH_USER_PATHS = NO;
				CLANG_CXX_LANGUAGE_STANDARD = "gnu++0x";
				CLANG_CXX_LIBRARY = "libc++";
				CLANG_ENABLE_MODULES = YES;
				CLANG_ENABLE_OBJC_ARC = YES;
				CLANG_WARN_BOOL_CONVERSION = YES;
				CLANG_WARN_CONSTANT_CONVERSION = YES;
				CLANG_WARN_DIRECT_OBJC_ISA_USAGE = YES_ERROR;
				CLANG_WARN_EMPTY_BODY = YES;
				CLANG_WARN_ENUM_CONVERSION = YES;
				CLANG_WARN_INT_CONVERSION = YES;
				CLANG_WARN_OBJC_ROOT_CLASS = YES_ERROR;
				CLANG_WARN_UNREACHABLE_CODE = YES;
				CLANG_WARN__DUPLICATE_METHOD_MATCH = YES;
				"CODE_SIGN_IDENTITY[sdk=iphoneos*]" = "iPhone Developer";
				COPY_PHASE_STRIP = NO;
				DEBUG_INFORMATION_FORMAT = dwarf;
				ENABLE_STRICT_OBJC_MSGSEND = YES;
				ENABLE_TESTABILITY = YES;
				GCC_C_LANGUAGE_STANDARD = gnu99;
				GCC_DYNAMIC_NO_PIC = NO;
				GCC_NO_COMMON_BLOCKS = YES;
				GCC_OPTIMIZATION_LEVEL = 0;
				GCC_PREPROCESSOR_DEFINITIONS = (
					"DEBUG=1",
					"$(inherited)",
				);
				GCC_WARN_64_TO_32_BIT_CONVERSION = YES;
				GCC_WARN_ABOUT_RETURN_TYPE = YES_ERROR;
				GCC_WARN_UNDECLARED_SELECTOR = YES;
				GCC_WARN_UNINITIALIZED_AUTOS = YES_AGGRESSIVE;
				GCC_WARN_UNUSED_FUNCTION = YES;
				GCC_WARN_UNUSED_VARIABLE = YES;
				IPHONEOS_DEPLOYMENT_TARGET = 9.2;
				MTL_ENABLE_DEBUG_INFO = YES;
				ONLY_ACTIVE_ARCH = YES;
				SDKROOT = iphoneos;
				SWIFT_OPTIMIZATION_LEVEL = "-Onone";
			};
			name = Debug;
		};
		567FF7691C76993C00ADDBFF /* Release */ = {
			isa = XCBuildConfiguration;
			buildSettings = {
				ALWAYS_SEARCH_USER_PATHS = NO;
				CLANG_CXX_LANGUAGE_STANDARD = "gnu++0x";
				CLANG_CXX_LIBRARY = "libc++";
				CLANG_ENABLE_MODULES = YES;
				CLANG_ENABLE_OBJC_ARC = YES;
				CLANG_WARN_BOOL_CONVERSION = YES;
				CLANG_WARN_CONSTANT_CONVERSION = YES;
				CLANG_WARN_DIRECT_OBJC_ISA_USAGE = YES_ERROR;
				CLANG_WARN_EMPTY_BODY = YES;
				CLANG_WARN_ENUM_CONVERSION = YES;
				CLANG_WARN_INT_CONVERSION = YES;
				CLANG_WARN_OBJC_ROOT_CLASS = YES_ERROR;
				CLANG_WARN_UNREACHABLE_CODE = YES;
				CLANG_WARN__DUPLICATE_METHOD_MATCH = YES;
				"CODE_SIGN_IDENTITY[sdk=iphoneos*]" = "iPhone Developer";
				COPY_PHASE_STRIP = NO;
				DEBUG_INFORMATION_FORMAT = "dwarf-with-dsym";
				ENABLE_NS_ASSERTIONS = NO;
				ENABLE_STRICT_OBJC_MSGSEND = YES;
				GCC_C_LANGUAGE_STANDARD = gnu99;
				GCC_NO_COMMON_BLOCKS = YES;
				GCC_WARN_64_TO_32_BIT_CONVERSION = YES;
				GCC_WARN_ABOUT_RETURN_TYPE = YES_ERROR;
				GCC_WARN_UNDECLARED_SELECTOR = YES;
				GCC_WARN_UNINITIALIZED_AUTOS = YES_AGGRESSIVE;
				GCC_WARN_UNUSED_FUNCTION = YES;
				GCC_WARN_UNUSED_VARIABLE = YES;
				IPHONEOS_DEPLOYMENT_TARGET = 9.2;
				MTL_ENABLE_DEBUG_INFO = NO;
				SDKROOT = iphoneos;
				VALIDATE_PRODUCT = YES;
			};
			name = Release;
		};
		567FF76B1C76993C00ADDBFF /* Debug */ = {
			isa = XCBuildConfiguration;
			buildSettings = {
				ASSETCATALOG_COMPILER_APPICON_NAME = AppIcon;
				FRAMEWORK_SEARCH_PATHS = (
					"$(inherited)",
					"$(PROJECT_DIR)/Carthage/Build/iOS",
				);
				INFOPLIST_FILE = ListSample/Info.plist;
				LD_RUNPATH_SEARCH_PATHS = "$(inherited) @executable_path/Frameworks";
				PRODUCT_BUNDLE_IDENTIFIER = "indival-inc..ListSample";
				PRODUCT_NAME = "$(TARGET_NAME)";
				SWIFT_OBJC_BRIDGING_HEADER = "$(SRCROOT)/ListSample/ListSample-Bridging-Header.h";
			};
			name = Debug;
		};
		567FF76C1C76993C00ADDBFF /* Release */ = {
			isa = XCBuildConfiguration;
			buildSettings = {
				ASSETCATALOG_COMPILER_APPICON_NAME = AppIcon;
				FRAMEWORK_SEARCH_PATHS = (
					"$(inherited)",
					"$(PROJECT_DIR)/Carthage/Build/iOS",
				);
				INFOPLIST_FILE = ListSample/Info.plist;
				LD_RUNPATH_SEARCH_PATHS = "$(inherited) @executable_path/Frameworks";
				PRODUCT_BUNDLE_IDENTIFIER = "indival-inc..ListSample";
				PRODUCT_NAME = "$(TARGET_NAME)";
				SWIFT_OBJC_BRIDGING_HEADER = "$(SRCROOT)/ListSample/ListSample-Bridging-Header.h";
			};
			name = Release;
		};
		567FF76E1C76993C00ADDBFF /* Debug */ = {
			isa = XCBuildConfiguration;
			buildSettings = {
				BUNDLE_LOADER = "$(TEST_HOST)";
				INFOPLIST_FILE = ListSampleTests/Info.plist;
				LD_RUNPATH_SEARCH_PATHS = "$(inherited) @executable_path/Frameworks @loader_path/Frameworks";
				PRODUCT_BUNDLE_IDENTIFIER = "indival-inc..ListSampleTests";
				PRODUCT_NAME = "$(TARGET_NAME)";
				TEST_HOST = "$(BUILT_PRODUCTS_DIR)/ListSample.app/ListSample";
			};
			name = Debug;
		};
		567FF76F1C76993C00ADDBFF /* Release */ = {
			isa = XCBuildConfiguration;
			buildSettings = {
				BUNDLE_LOADER = "$(TEST_HOST)";
				INFOPLIST_FILE = ListSampleTests/Info.plist;
				LD_RUNPATH_SEARCH_PATHS = "$(inherited) @executable_path/Frameworks @loader_path/Frameworks";
				PRODUCT_BUNDLE_IDENTIFIER = "indival-inc..ListSampleTests";
				PRODUCT_NAME = "$(TARGET_NAME)";
				TEST_HOST = "$(BUILT_PRODUCTS_DIR)/ListSample.app/ListSample";
			};
			name = Release;
		};
		567FF7711C76993C00ADDBFF /* Debug */ = {
			isa = XCBuildConfiguration;
			buildSettings = {
				INFOPLIST_FILE = ListSampleUITests/Info.plist;
				LD_RUNPATH_SEARCH_PATHS = "$(inherited) @executable_path/Frameworks @loader_path/Frameworks";
				PRODUCT_BUNDLE_IDENTIFIER = "indival-inc..ListSampleUITests";
				PRODUCT_NAME = "$(TARGET_NAME)";
				TEST_TARGET_NAME = ListSample;
				USES_XCTRUNNER = YES;
			};
			name = Debug;
		};
		567FF7721C76993C00ADDBFF /* Release */ = {
			isa = XCBuildConfiguration;
			buildSettings = {
				INFOPLIST_FILE = ListSampleUITests/Info.plist;
				LD_RUNPATH_SEARCH_PATHS = "$(inherited) @executable_path/Frameworks @loader_path/Frameworks";
				PRODUCT_BUNDLE_IDENTIFIER = "indival-inc..ListSampleUITests";
				PRODUCT_NAME = "$(TARGET_NAME)";
				TEST_TARGET_NAME = ListSample;
				USES_XCTRUNNER = YES;
			};
			name = Release;
		};
/* End XCBuildConfiguration section */

/* Begin XCConfigurationList section */
		567FF73D1C76993B00ADDBFF /* Build configuration list for PBXProject "ListSample" */ = {
			isa = XCConfigurationList;
			buildConfigurations = (
				567FF7681C76993C00ADDBFF /* Debug */,
				567FF7691C76993C00ADDBFF /* Release */,
			);
			defaultConfigurationIsVisible = 0;
			defaultConfigurationName = Release;
		};
		567FF76A1C76993C00ADDBFF /* Build configuration list for PBXNativeTarget "ListSample" */ = {
			isa = XCConfigurationList;
			buildConfigurations = (
				567FF76B1C76993C00ADDBFF /* Debug */,
				567FF76C1C76993C00ADDBFF /* Release */,
			);
			defaultConfigurationIsVisible = 0;
			defaultConfigurationName = Release;
		};
		567FF76D1C76993C00ADDBFF /* Build configuration list for PBXNativeTarget "ListSampleTests" */ = {
			isa = XCConfigurationList;
			buildConfigurations = (
				567FF76E1C76993C00ADDBFF /* Debug */,
				567FF76F1C76993C00ADDBFF /* Release */,
			);
			defaultConfigurationIsVisible = 0;
			defaultConfigurationName = Release;
		};
		567FF7701C76993C00ADDBFF /* Build configuration list for PBXNativeTarget "ListSampleUITests" */ = {
			isa = XCConfigurationList;
			buildConfigurations = (
				567FF7711C76993C00ADDBFF /* Debug */,
				567FF7721C76993C00ADDBFF /* Release */,
			);
			defaultConfigurationIsVisible = 0;
			defaultConfigurationName = Release;
		};
/* End XCConfigurationList section */
	};
	rootObject = 567FF73A1C76993B00ADDBFF /* Project object */;
}
